
Microsoft Visual Studio Solution File, Format Version 12.00
# Visual Studio Version 17
VisualStudioVersion = 17.9.34701.34
MinimumVisualStudioVersion = 10.0.40219.1
Project("{FAE04EC0-301F-11D3-BF4B-00C04F79EFBC}") = "OnlyPics4Life_WebApp", "OnlyPics4Life_WebApp\OnlyPics4Life_WebApp.csproj", "{36D2C2EF-FCD0-4DEF-BA76-1871EA121B8E}"
EndProject
Global
	GlobalSection(SolutionConfigurationPlatforms) = preSolution
		Debug|Any CPU = Debug|Any CPU
		Release|Any CPU = Release|Any CPU
	EndGlobalSection
	GlobalSection(ProjectConfigurationPlatforms) = postSolution
		{36D2C2EF-FCD0-4DEF-BA76-1871EA121B8E}.Debug|Any CPU.ActiveCfg = Debug|Any CPU
		{36D2C2EF-FCD0-4DEF-BA76-1871EA121B8E}.Debug|Any CPU.Build.0 = Debug|Any CPU
		{36D2C2EF-FCD0-4DEF-BA76-1871EA121B8E}.Release|Any CPU.ActiveCfg = Release|Any CPU
		{36D2C2EF-FCD0-4DEF-BA76-1871EA121B8E}.Release|Any CPU.Build.0 = Release|Any CPU
	EndGlobalSection
	GlobalSection(SolutionProperties) = preSolution
		HideSolutionNode = FALSE
	EndGlobalSection
	GlobalSection(ExtensibilityGlobals) = postSolution
		SolutionGuid = {6EDFF609-C892-4E2F-BF5D-73B060FE5659}
	EndGlobalSection
EndGlobal
